<?xml version="1.0" encoding="utf-8"?>
<Project ToolsVersion="4.0" xmlns="http://schemas.microsoft.com/developer/msbuild/2003">
  <ItemGroup>
    <Filter Include="Source Files">
      <UniqueIdentifier>{4FC737F1-C7A5-4376-A066-2A32D752A2FF}</UniqueIdentifier>
      <Extensions>qml;cpp;c;cc;cxx;def;odl;idl;hpj;bat;asm;asmx</Extensions>
    </Filter>
    <Filter Include="Header Files">
      <UniqueIdentifier>{93995380-89BD-4b04-88EB-625FBE52EBFB}</UniqueIdentifier>
      <Extensions>h;hh;hpp;hxx;hm;inl;inc;xsd</Extensions>
    </Filter>
    <Filter Include="Form Files">
      <UniqueIdentifier>{99349809-55BA-4b9d-BF79-8FDBB0286EB3}</UniqueIdentifier>
      <Extensions>ui</Extensions>
    </Filter>
    <Filter Include="Translation Files">
      <UniqueIdentifier>{639EADAA-A684-42e4-A9AD-28FC9BCB8F7C}</UniqueIdentifier>
      <Extensions>ts</Extensions>
    </Filter>
    <Filter Include="Header Files\function">
      <UniqueIdentifier>{8e7f4c9a-cb74-4776-a069-fd3cf3e7852f}</UniqueIdentifier>
    </Filter>
    <Filter Include="Resource Files">
      <UniqueIdentifier>{67DA6AB6-F800-4c08-8B7A-83BB121AAD01}</UniqueIdentifier>
      <Extensions>qrc;rc;ico;cur;bmp;dlg;rc2;rct;bin;rgs;gif;jpg;jpeg;jpe;resx;tiff;tif;png;wav;mfcribbon-ms</Extensions>
    </Filter>
    <Filter Include="Source Files\funciton">
      <UniqueIdentifier>{3000e178-39e9-4546-a9ef-05bcbd1bf827}</UniqueIdentifier>
    </Filter>
  </ItemGroup>
  <ItemGroup>
    <QtMoc Include="include\StudyC.h">
      <Filter>Header Files</Filter>
    </QtMoc>
  </ItemGroup>
  <ItemGroup>
    <ClInclude Include="include\funtion\CompileClass.h">
      <Filter>Header Files\function</Filter>
    </ClInclude>
    <ClInclude Include="include\funtion\ConstructorClass.h">
      <Filter>Header Files\function</Filter>
    </ClInclude>
    <ClInclude Include="include\funtion\CThreadFun.h">
      <Filter>Header Files\function</Filter>
    </ClInclude>
    <ClInclude Include="include\funtion\FunCallBack.h">
      <Filter>Header Files\function</Filter>
    </ClInclude>
    <ClInclude Include="include\funtion\JsonClass.h">
      <Filter>Header Files\function</Filter>
    </ClInclude>
    <ClInclude Include="include\funtion\LambdaClass.h">
      <Filter>Header Files\function</Filter>
    </ClInclude>
    <ClInclude Include="include\funtion\NameSpaceClass.h">
      <Filter>Header Files\function</Filter>
    </ClInclude>
    <ClInclude Include="include\funtion\OperatorClass.h">
      <Filter>Header Files\function</Filter>
    </ClInclude>
    <ClInclude Include="include\funtion\SmartPointer.h">
      <Filter>Header Files\function</Filter>
    </ClInclude>
    <ClInclude Include="include\funtion\TempLateClass.h">
      <Filter>Header Files\function</Filter>
    </ClInclude>
    <ClInclude Include="include\funtion\ThreadAsync.h">
      <Filter>Header Files\function</Filter>
    </ClInclude>
    <ClInclude Include="include\funtion\ThreadClass.h">
      <Filter>Header Files\function</Filter>
    </ClInclude>
    <ClInclude Include="include\funtion\VariantClass.h">
      <Filter>Header Files\function</Filter>
    </ClInclude>
    <ClInclude Include="include\funtion\VarParamClass.h">
      <Filter>Header Files\function</Filter>
    </ClInclude>
  </ItemGroup>
  <ItemGroup>
    <ClCompile Include="src\function\CompileClass.cpp">
      <Filter>Source Files\funciton</Filter>
    </ClCompile>
    <ClCompile Include="src\function\ConstructorClass.cpp">
      <Filter>Source Files\funciton</Filter>
    </ClCompile>
    <ClCompile Include="src\function\CThreadFun.cpp">
      <Filter>Source Files\funciton</Filter>
    </ClCompile>
    <ClCompile Include="src\function\FunCallBack.cpp">
      <Filter>Source Files\funciton</Filter>
    </ClCompile>
    <ClCompile Include="src\function\JsonClass.cpp">
      <Filter>Source Files\funciton</Filter>
    </ClCompile>
    <ClCompile Include="src\function\LambdaClass.cpp">
      <Filter>Source Files\funciton</Filter>
    </ClCompile>
    <ClCompile Include="src\function\NameSpaceClass.cpp">
      <Filter>Source Files\funciton</Filter>
    </ClCompile>
    <ClCompile Include="src\function\OperatorClass.cpp">
      <Filter>Source Files\funciton</Filter>
    </ClCompile>
    <ClCompile Include="src\function\SmartPointer.cpp">
      <Filter>Source Files\funciton</Filter>
    </ClCompile>
    <ClCompile Include="src\function\TempLateClass.cpp">
      <Filter>Source Files\funciton</Filter>
    </ClCompile>
    <ClCompile Include="src\function\ThreadAsync.cpp">
      <Filter>Source Files\funciton</Filter>
    </ClCompile>
    <ClCompile Include="src\function\ThreadClass.cpp">
      <Filter>Source Files\funciton</Filter>
    </ClCompile>
    <ClCompile Include="src\function\VariantClass.cpp">
      <Filter>Source Files\funciton</Filter>
    </ClCompile>
    <ClCompile Include="src\function\VarParamClass.cpp">
      <Filter>Source Files\funciton</Filter>
    </ClCompile>
    <ClCompile Include="src\StudyC.cpp">
      <Filter>Source Files</Filter>
    </ClCompile>
    <ClCompile Include="main.cpp">
      <Filter>Source Files</Filter>
    </ClCompile>
    <ClCompile Include="src\function\KeyWord.cpp">
      <Filter>Source Files\funciton</Filter>
    </ClCompile>
    <ClCompile Include="src\function\MagicEnum.cpp">
      <Filter>Source Files\funciton</Filter>
    </ClCompile>
    <ClCompile Include="src\function\Optional.cpp">
      <Filter>Source Files\funciton</Filter>
    </ClCompile>
    <ClCompile Include="src\function\STLFuntion.cpp">
      <Filter>Source Files\funciton</Filter>
    </ClCompile>
  </ItemGroup>
  <ItemGroup>
    <QtUic Include="ui\StudyC.ui">
      <Filter>Form Files</Filter>
    </QtUic>
  </ItemGroup>
  <ItemGroup>
    <QtRcc Include="source\StudyC.qrc">
      <Filter>Resource Files</Filter>
    </QtRcc>
  </ItemGroup>
</Project>